// !$*UTF8*$!
{
	archiveVersion = 1;
	classes = {
	};
	objectVersion = 50;
	objects = {

/* Begin PBXBuildFile section */
		1E01E1A02371ED630059779E /* AppDelegate.swift in Sources */ = {isa = PBXBuildFile; fileRef = 1E01E19F2371ED630059779E /* AppDelegate.swift */; };
		1E01E1A22371ED630059779E /* SceneDelegate.swift in Sources */ = {isa = PBXBuildFile; fileRef = 1E01E1A12371ED630059779E /* SceneDelegate.swift */; };
		1E01E1A72371ED630059779E /* Main.storyboard in Resources */ = {isa = PBXBuildFile; fileRef = 1E01E1A52371ED630059779E /* Main.storyboard */; };
		1E01E1A92371ED6D0059779E /* Assets.xcassets in Resources */ = {isa = PBXBuildFile; fileRef = 1E01E1A82371ED6D0059779E /* Assets.xcassets */; };
		1E01E1AC2371ED6E0059779E /* LaunchScreen.storyboard in Resources */ = {isa = PBXBuildFile; fileRef = 1E01E1AA2371ED6E0059779E /* LaunchScreen.storyboard */; };
		1E28008F2399597200E38E74 /* TabBarViewController.swift in Sources */ = {isa = PBXBuildFile; fileRef = 1E28008E2399597200E38E74 /* TabBarViewController.swift */; };
		CC5FE50A23948962006816AF /* StudentData.swift in Sources */ = {isa = PBXBuildFile; fileRef = CC5FE50923948962006816AF /* StudentData.swift */; };
		CC5FE50C239A198A006816AF /* TabBarVCHelper.swift in Sources */ = {isa = PBXBuildFile; fileRef = CC5FE50B239A1989006816AF /* TabBarVCHelper.swift */; };
		CC5FE50E239DA379006816AF /* UserData.swift in Sources */ = {isa = PBXBuildFile; fileRef = CC5FE50D239DA378006816AF /* UserData.swift */; };
		CC5FE512239DAE8A006816AF /* ParseClient.swift in Sources */ = {isa = PBXBuildFile; fileRef = CC5FE511239DAE8A006816AF /* ParseClient.swift */; };
		CC5FE514239E0DCF006816AF /* AddLocationViewController.swift in Sources */ = {isa = PBXBuildFile; fileRef = CC5FE513239E0DCF006816AF /* AddLocationViewController.swift */; };
		CC99F25B2383AA0400577107 /* UdacityClient.swift in Sources */ = {isa = PBXBuildFile; fileRef = CC99F25A2383AA0400577107 /* UdacityClient.swift */; };
		CC99F26523862ABD00577107 /* UdacityClientConstants.swift in Sources */ = {isa = PBXBuildFile; fileRef = CC99F26423862ABD00577107 /* UdacityClientConstants.swift */; };
		CC99F26923878AFF00577107 /* SessionResponse.swift in Sources */ = {isa = PBXBuildFile; fileRef = CC99F26823878AFF00577107 /* SessionResponse.swift */; };
		CCC322B12377A7DC00A48791 /* MapViewController.swift in Sources */ = {isa = PBXBuildFile; fileRef = CCC322B02377A7DC00A48791 /* MapViewController.swift */; };
		CCC322B32377A91400A48791 /* ListViewController.swift in Sources */ = {isa = PBXBuildFile; fileRef = CCC322B22377A91400A48791 /* ListViewController.swift */; };
		CCC322B82377AA2200A48791 /* LoginViewController.swift in Sources */ = {isa = PBXBuildFile; fileRef = CCC322B72377AA2200A48791 /* LoginViewController.swift */; };
		CCC322BA2377AC6A00A48791 /* ListCell.swift in Sources */ = {isa = PBXBuildFile; fileRef = CCC322B92377AC6A00A48791 /* ListCell.swift */; };
		CCC322BE2377B71200A48791 /* MapLocation.swift in Sources */ = {isa = PBXBuildFile; fileRef = CCC322BD2377B71200A48791 /* MapLocation.swift */; };
/* End PBXBuildFile section */

/* Begin PBXContainerItemProxy section */
		1E01E1B32371ED6E0059779E /* PBXContainerItemProxy */ = {
			isa = PBXContainerItemProxy;
			containerPortal = 1E01E1942371ED630059779E /* Project object */;
			proxyType = 1;
			remoteGlobalIDString = 1E01E19B2371ED630059779E;
			remoteInfo = "On The Map";
		};
		1E01E1BE2371ED6E0059779E /* PBXContainerItemProxy */ = {
			isa = PBXContainerItemProxy;
			containerPortal = 1E01E1942371ED630059779E /* Project object */;
			proxyType = 1;
			remoteGlobalIDString = 1E01E19B2371ED630059779E;
			remoteInfo = "On The Map";
		};
/* End PBXContainerItemProxy section */

/* Begin PBXFileReference section */
		1E01E19C2371ED630059779E /* On The Map.app */ = {isa = PBXFileReference; explicitFileType = wrapper.application; includeInIndex = 0; path = "On The Map.app"; sourceTree = BUILT_PRODUCTS_DIR; };
		1E01E19F2371ED630059779E /* AppDelegate.swift */ = {isa = PBXFileReference; lastKnownFileType = sourcecode.swift; path = AppDelegate.swift; sourceTree = "<group>"; };
		1E01E1A12371ED630059779E /* SceneDelegate.swift */ = {isa = PBXFileReference; lastKnownFileType = sourcecode.swift; path = SceneDelegate.swift; sourceTree = "<group>"; };
		1E01E1A62371ED630059779E /* Base */ = {isa = PBXFileReference; lastKnownFileType = file.storyboard; name = Base; path = Base.lproj/Main.storyboard; sourceTree = "<group>"; };
		1E01E1A82371ED6D0059779E /* Assets.xcassets */ = {isa = PBXFileReference; lastKnownFileType = folder.assetcatalog; path = Assets.xcassets; sourceTree = "<group>"; };
		1E01E1AB2371ED6E0059779E /* Base */ = {isa = PBXFileReference; lastKnownFileType = file.storyboard; name = Base; path = Base.lproj/LaunchScreen.storyboard; sourceTree = "<group>"; };
		1E01E1AD2371ED6E0059779E /* Info.plist */ = {isa = PBXFileReference; lastKnownFileType = text.plist.xml; path = Info.plist; sourceTree = "<group>"; };
		1E01E1B22371ED6E0059779E /* On The MapTests.xctest */ = {isa = PBXFileReference; explicitFileType = wrapper.cfbundle; includeInIndex = 0; path = "On The MapTests.xctest"; sourceTree = BUILT_PRODUCTS_DIR; };
		1E01E1BD2371ED6E0059779E /* On The MapUITests.xctest */ = {isa = PBXFileReference; explicitFileType = wrapper.cfbundle; includeInIndex = 0; path = "On The MapUITests.xctest"; sourceTree = BUILT_PRODUCTS_DIR; };
		1E28008E2399597200E38E74 /* TabBarViewController.swift */ = {isa = PBXFileReference; lastKnownFileType = sourcecode.swift; path = TabBarViewController.swift; sourceTree = "<group>"; };
		CC5FE50923948962006816AF /* StudentData.swift */ = {isa = PBXFileReference; lastKnownFileType = sourcecode.swift; path = StudentData.swift; sourceTree = "<group>"; };
		CC5FE50B239A1989006816AF /* TabBarVCHelper.swift */ = {isa = PBXFileReference; lastKnownFileType = sourcecode.swift; path = TabBarVCHelper.swift; sourceTree = "<group>"; };
		CC5FE50D239DA378006816AF /* UserData.swift */ = {isa = PBXFileReference; lastKnownFileType = sourcecode.swift; path = UserData.swift; sourceTree = "<group>"; };
		CC5FE511239DAE8A006816AF /* ParseClient.swift */ = {isa = PBXFileReference; lastKnownFileType = sourcecode.swift; path = ParseClient.swift; sourceTree = "<group>"; };
		CC5FE513239E0DCF006816AF /* AddLocationViewController.swift */ = {isa = PBXFileReference; lastKnownFileType = sourcecode.swift; path = AddLocationViewController.swift; sourceTree = "<group>"; };
		CC99F25A2383AA0400577107 /* UdacityClient.swift */ = {isa = PBXFileReference; lastKnownFileType = sourcecode.swift; path = UdacityClient.swift; sourceTree = "<group>"; };
		CC99F26423862ABD00577107 /* UdacityClientConstants.swift */ = {isa = PBXFileReference; lastKnownFileType = sourcecode.swift; path = UdacityClientConstants.swift; sourceTree = "<group>"; };
		CC99F26823878AFF00577107 /* SessionResponse.swift */ = {isa = PBXFileReference; lastKnownFileType = sourcecode.swift; name = SessionResponse.swift; path = "On The Map/Model/SessionResponse.swift"; sourceTree = SOURCE_ROOT; };
		CCC322B02377A7DC00A48791 /* MapViewController.swift */ = {isa = PBXFileReference; lastKnownFileType = sourcecode.swift; path = MapViewController.swift; sourceTree = "<group>"; };
		CCC322B22377A91400A48791 /* ListViewController.swift */ = {isa = PBXFileReference; lastKnownFileType = sourcecode.swift; path = ListViewController.swift; sourceTree = "<group>"; };
		CCC322B72377AA2200A48791 /* LoginViewController.swift */ = {isa = PBXFileReference; lastKnownFileType = sourcecode.swift; path = LoginViewController.swift; sourceTree = "<group>"; };
		CCC322B92377AC6A00A48791 /* ListCell.swift */ = {isa = PBXFileReference; lastKnownFileType = sourcecode.swift; path = ListCell.swift; sourceTree = "<group>"; };
		CCC322BD2377B71200A48791 /* MapLocation.swift */ = {isa = PBXFileReference; lastKnownFileType = sourcecode.swift; path = MapLocation.swift; sourceTree = "<group>"; };
/* End PBXFileReference section */

/* Begin PBXFrameworksBuildPhase section */
		1E01E1992371ED630059779E /* Frameworks */ = {
			isa = PBXFrameworksBuildPhase;
			buildActionMask = 2147483647;
			files = (
			);
			runOnlyForDeploymentPostprocessing = 0;
		};
		1E01E1AF2371ED6E0059779E /* Frameworks */ = {
			isa = PBXFrameworksBuildPhase;
			buildActionMask = 2147483647;
			files = (
			);
			runOnlyForDeploymentPostprocessing = 0;
		};
		1E01E1BA2371ED6E0059779E /* Frameworks */ = {
			isa = PBXFrameworksBuildPhase;
			buildActionMask = 2147483647;
			files = (
			);
			runOnlyForDeploymentPostprocessing = 0;
		};
/* End PBXFrameworksBuildPhase section */

/* Begin PBXGroup section */
		1E01E1932371ED630059779E = {
			isa = PBXGroup;
			children = (
				1E01E19E2371ED630059779E /* On The Map */,
				1E01E19D2371ED630059779E /* Products */,
			);
			sourceTree = "<group>";
		};
		1E01E19D2371ED630059779E /* Products */ = {
			isa = PBXGroup;
			children = (
				1E01E19C2371ED630059779E /* On The Map.app */,
				1E01E1B22371ED6E0059779E /* On The MapTests.xctest */,
				1E01E1BD2371ED6E0059779E /* On The MapUITests.xctest */,
			);
			name = Products;
			sourceTree = "<group>";
		};
		1E01E19E2371ED630059779E /* On The Map */ = {
			isa = PBXGroup;
			children = (
				1E01E19F2371ED630059779E /* AppDelegate.swift */,
				1E01E1A12371ED630059779E /* SceneDelegate.swift */,
				1E01E1AD2371ED6E0059779E /* Info.plist */,
				CCC5F9BB2373D0C60054B4A2 /* Model */,
				CCC5F9BC2373D0CF0054B4A2 /* View */,
				CCC5F9C323746BA00054B4A2 /* Controller */,
				CCC5F9C423746BA70054B4A2 /* Assets */,
			);
			path = "On The Map";
			sourceTree = "<group>";
		};
		1EDF4332237B543E005BA256 /* Responses */ = {
			isa = PBXGroup;
			children = (
				CC99F26823878AFF00577107 /* SessionResponse.swift */,
			);
			path = Responses;
			sourceTree = "<group>";
		};
		CC5FE50F239DAE4E006816AF /* Udacity */ = {
			isa = PBXGroup;
			children = (
				CC99F25A2383AA0400577107 /* UdacityClient.swift */,
				CC99F26423862ABD00577107 /* UdacityClientConstants.swift */,
			);
			path = Udacity;
			sourceTree = "<group>";
		};
		CC5FE510239DAE67006816AF /* Parse */ = {
			isa = PBXGroup;
			children = (
				CC5FE511239DAE8A006816AF /* ParseClient.swift */,
			);
			path = Parse;
			sourceTree = "<group>";
		};
		CCC5F9BB2373D0C60054B4A2 /* Model */ = {
			isa = PBXGroup;
			children = (
				CCC5F9BF2373D1FC0054B4A2 /* Data */,
				1EDF4332237B543E005BA256 /* Responses */,
				CC5FE50F239DAE4E006816AF /* Udacity */,
				CC5FE510239DAE67006816AF /* Parse */,
			);
			path = Model;
			sourceTree = "<group>";
		};
		CCC5F9BC2373D0CF0054B4A2 /* View */ = {
			isa = PBXGroup;
			children = (
				1E01E1A52371ED630059779E /* Main.storyboard */,
				1E01E1AA2371ED6E0059779E /* LaunchScreen.storyboard */,
			);
			path = View;
			sourceTree = "<group>";
		};
		CCC5F9BF2373D1FC0054B4A2 /* Data */ = {
			isa = PBXGroup;
			children = (
				CC5FE50923948962006816AF /* StudentData.swift */,
				CC5FE50D239DA378006816AF /* UserData.swift */,
			);
			path = Data;
			sourceTree = "<group>";
		};
		CCC5F9C323746BA00054B4A2 /* Controller */ = {
			isa = PBXGroup;
			children = (
				CCC322B72377AA2200A48791 /* LoginViewController.swift */,
				CCC322BD2377B71200A48791 /* MapLocation.swift */,
				CCC322B02377A7DC00A48791 /* MapViewController.swift */,
				CCC322B22377A91400A48791 /* ListViewController.swift */,
				CCC322B92377AC6A00A48791 /* ListCell.swift */,
				1E28008E2399597200E38E74 /* TabBarViewController.swift */,
				CC5FE50B239A1989006816AF /* TabBarVCHelper.swift */,
				CC5FE513239E0DCF006816AF /* AddLocationViewController.swift */,
			);
			path = Controller;
			sourceTree = "<group>";
		};
		CCC5F9C423746BA70054B4A2 /* Assets */ = {
			isa = PBXGroup;
			children = (
				1E01E1A82371ED6D0059779E /* Assets.xcassets */,
			);
			path = Assets;
			sourceTree = "<group>";
		};
/* End PBXGroup section */

/* Begin PBXNativeTarget section */
		1E01E19B2371ED630059779E /* On The Map */ = {
			isa = PBXNativeTarget;
			buildConfigurationList = 1E01E1C62371ED6E0059779E /* Build configuration list for PBXNativeTarget "On The Map" */;
			buildPhases = (
				1E01E1982371ED630059779E /* Sources */,
				1E01E1992371ED630059779E /* Frameworks */,
				1E01E19A2371ED630059779E /* Resources */,
			);
			buildRules = (
			);
			dependencies = (
			);
			name = "On The Map";
			productName = "On The Map";
			productReference = 1E01E19C2371ED630059779E /* On The Map.app */;
			productType = "com.apple.product-type.application";
		};
		1E01E1B12371ED6E0059779E /* On The MapTests */ = {
			isa = PBXNativeTarget;
			buildConfigurationList = 1E01E1C92371ED6E0059779E /* Build configuration list for PBXNativeTarget "On The MapTests" */;
			buildPhases = (
				1E01E1AE2371ED6E0059779E /* Sources */,
				1E01E1AF2371ED6E0059779E /* Frameworks */,
				1E01E1B02371ED6E0059779E /* Resources */,
			);
			buildRules = (
			);
			dependencies = (
				1E01E1B42371ED6E0059779E /* PBXTargetDependency */,
			);
			name = "On The MapTests";
			productName = "On The MapTests";
			productReference = 1E01E1B22371ED6E0059779E /* On The MapTests.xctest */;
			productType = "com.apple.product-type.bundle.unit-test";
		};
		1E01E1BC2371ED6E0059779E /* On The MapUITests */ = {
			isa = PBXNativeTarget;
			buildConfigurationList = 1E01E1CC2371ED6E0059779E /* Build configuration list for PBXNativeTarget "On The MapUITests" */;
			buildPhases = (
				1E01E1B92371ED6E0059779E /* Sources */,
				1E01E1BA2371ED6E0059779E /* Frameworks */,
				1E01E1BB2371ED6E0059779E /* Resources */,
			);
			buildRules = (
			);
			dependencies = (
				1E01E1BF2371ED6E0059779E /* PBXTargetDependency */,
			);
			name = "On The MapUITests";
			productName = "On The MapUITests";
			productReference = 1E01E1BD2371ED6E0059779E /* On The MapUITests.xctest */;
			productType = "com.apple.product-type.bundle.ui-testing";
		};
/* End PBXNativeTarget section */

/* Begin PBXProject section */
		1E01E1942371ED630059779E /* Project object */ = {
			isa = PBXProject;
			attributes = {
				LastSwiftUpdateCheck = 1120;
				LastUpgradeCheck = 1120;
				ORGANIZATIONNAME = "Michael Haviv";
				TargetAttributes = {
					1E01E19B2371ED630059779E = {
						CreatedOnToolsVersion = 11.2;
					};
					1E01E1B12371ED6E0059779E = {
						CreatedOnToolsVersion = 11.2;
						TestTargetID = 1E01E19B2371ED630059779E;
					};
					1E01E1BC2371ED6E0059779E = {
						CreatedOnToolsVersion = 11.2;
						TestTargetID = 1E01E19B2371ED630059779E;
					};
				};
			};
			buildConfigurationList = 1E01E1972371ED630059779E /* Build configuration list for PBXProject "On The Map" */;
			compatibilityVersion = "Xcode 9.3";
			developmentRegion = en;
			hasScannedForEncodings = 0;
			knownRegions = (
				en,
				Base,
			);
			mainGroup = 1E01E1932371ED630059779E;
			productRefGroup = 1E01E19D2371ED630059779E /* Products */;
			projectDirPath = "";
			projectRoot = "";
			targets = (
				1E01E19B2371ED630059779E /* On The Map */,
				1E01E1B12371ED6E0059779E /* On The MapTests */,
				1E01E1BC2371ED6E0059779E /* On The MapUITests */,
			);
		};
/* End PBXProject section */

/* Begin PBXResourcesBuildPhase section */
		1E01E19A2371ED630059779E /* Resources */ = {
			isa = PBXResourcesBuildPhase;
			buildActionMask = 2147483647;
			files = (
				1E01E1AC2371ED6E0059779E /* LaunchScreen.storyboard in Resources */,
				1E01E1A92371ED6D0059779E /* Assets.xcassets in Resources */,
				1E01E1A72371ED630059779E /* Main.storyboard in Resources */,
			);
			runOnlyForDeploymentPostprocessing = 0;
		};
		1E01E1B02371ED6E0059779E /* Resources */ = {
			isa = PBXResourcesBuildPhase;
			buildActionMask = 2147483647;
			files = (
			);
			runOnlyForDeploymentPostprocessing = 0;
		};
		1E01E1BB2371ED6E0059779E /* Resources */ = {
			isa = PBXResourcesBuildPhase;
			buildActionMask = 2147483647;
			files = (
			);
			runOnlyForDeploymentPostprocessing = 0;
		};
/* End PBXResourcesBuildPhase section */

/* Begin PBXSourcesBuildPhase section */
		1E01E1982371ED630059779E /* Sources */ = {
			isa = PBXSourcesBuildPhase;
			buildActionMask = 2147483647;
			files = (
				CC99F26923878AFF00577107 /* SessionResponse.swift in Sources */,
				CC99F25B2383AA0400577107 /* UdacityClient.swift in Sources */,
				CC5FE50E239DA379006816AF /* UserData.swift in Sources */,
				1E01E1A02371ED630059779E /* AppDelegate.swift in Sources */,
				1E01E1A22371ED630059779E /* SceneDelegate.swift in Sources */,
				1E28008F2399597200E38E74 /* TabBarViewController.swift in Sources */,
				CC5FE512239DAE8A006816AF /* ParseClient.swift in Sources */,
				CC5FE50C239A198A006816AF /* TabBarVCHelper.swift in Sources */,
				CC99F26523862ABD00577107 /* UdacityClientConstants.swift in Sources */,
				CC5FE50A23948962006816AF /* StudentData.swift in Sources */,
				CCC322B12377A7DC00A48791 /* MapViewController.swift in Sources */,
				CC5FE514239E0DCF006816AF /* AddLocationViewController.swift in Sources */,
				CCC322BE2377B71200A48791 /* MapLocation.swift in Sources */,
				CCC322B82377AA2200A48791 /* LoginViewController.swift in Sources */,
				CCC322BA2377AC6A00A48791 /* ListCell.swift in Sources */,
				CCC322B32377A91400A48791 /* ListViewController.swift in Sources */,
			);
			runOnlyForDeploymentPostprocessing = 0;
		};
		1E01E1AE2371ED6E0059779E /* Sources */ = {
			isa = PBXSourcesBuildPhase;
			buildActionMask = 2147483647;
			files = (
			);
			runOnlyForDeploymentPostprocessing = 0;
		};
		1E01E1B92371ED6E0059779E /* Sources */ = {
			isa = PBXSourcesBuildPhase;
			buildActionMask = 2147483647;
			files = (
			);
			runOnlyForDeploymentPostprocessing = 0;
		};
/* End PBXSourcesBuildPhase section */

/* Begin PBXTargetDependency section */
		1E01E1B42371ED6E0059779E /* PBXTargetDependency */ = {
			isa = PBXTargetDependency;
			target = 1E01E19B2371ED630059779E /* On The Map */;
			targetProxy = 1E01E1B32371ED6E0059779E /* PBXContainerItemProxy */;
		};
		1E01E1BF2371ED6E0059779E /* PBXTargetDependency */ = {
			isa = PBXTargetDependency;
			target = 1E01E19B2371ED630059779E /* On The Map */;
			targetProxy = 1E01E1BE2371ED6E0059779E /* PBXContainerItemProxy */;
		};
/* End PBXTargetDependency section */

/* Begin PBXVariantGroup section */
		1E01E1A52371ED630059779E /* Main.storyboard */ = {
			isa = PBXVariantGroup;
			children = (
				1E01E1A62371ED630059779E /* Base */,
			);
			name = Main.storyboard;
			sourceTree = "<group>";
		};
		1E01E1AA2371ED6E0059779E /* LaunchScreen.storyboard */ = {
			isa = PBXVariantGroup;
			children = (
				1E01E1AB2371ED6E0059779E /* Base */,
			);
			name = LaunchScreen.storyboard;
			sourceTree = "<group>";
		};
/* End PBXVariantGroup section */

/* Begin XCBuildConfiguration section */
		1E01E1C42371ED6E0059779E /* Debug */ = {
			isa = XCBuildConfiguration;
			buildSettings = {
				ALWAYS_SEARCH_USER_PATHS = NO;
				CLANG_ANALYZER_NONNULL = YES;
				CLANG_ANALYZER_NUMBER_OBJECT_CONVERSION = YES_AGGRESSIVE;
				CLANG_CXX_LANGUAGE_STANDARD = "gnu++14";
				CLANG_CXX_LIBRARY = "libc++";
				CLANG_ENABLE_MODULES = YES;
				CLANG_ENABLE_OBJC_ARC = YES;
				CLANG_ENABLE_OBJC_WEAK = YES;
				CLANG_WARN_BLOCK_CAPTURE_AUTORELEASING = YES;
				CLANG_WARN_BOOL_CONVERSION = YES;
				CLANG_WARN_COMMA = YES;
				CLANG_WARN_CONSTANT_CONVERSION = YES;
				CLANG_WARN_DEPRECATED_OBJC_IMPLEMENTATIONS = YES;
				CLANG_WARN_DIRECT_OBJC_ISA_USAGE = YES_ERROR;
				CLANG_WARN_DOCUMENTATION_COMMENTS = YES;
				CLANG_WARN_EMPTY_BODY = YES;
				CLANG_WARN_ENUM_CONVERSION = YES;
				CLANG_WARN_INFINITE_RECURSION = YES;
				CLANG_WARN_INT_CONVERSION = YES;
				CLANG_WARN_NON_LITERAL_NULL_CONVERSION = YES;
				CLANG_WARN_OBJC_IMPLICIT_RETAIN_SELF = YES;
				CLANG_WARN_OBJC_LITERAL_CONVERSION = YES;
				CLANG_WARN_OBJC_ROOT_CLASS = YES_ERROR;
				CLANG_WARN_RANGE_LOOP_ANALYSIS = YES;
				CLANG_WARN_STRICT_PROTOTYPES = YES;
				CLANG_WARN_SUSPICIOUS_MOVE = YES;
				CLANG_WARN_UNGUARDED_AVAILABILITY = YES_AGGRESSIVE;
				CLANG_WARN_UNREACHABLE_CODE = YES;
				CLANG_WARN__DUPLICATE_METHOD_MATCH = YES;
				COPY_PHASE_STRIP = NO;
				DEBUG_INFORMATION_FORMAT = dwarf;
				ENABLE_STRICT_OBJC_MSGSEND = YES;
				ENABLE_TESTABILITY = YES;
				GCC_C_LANGUAGE_STANDARD = gnu11;
				GCC_DYNAMIC_NO_PIC = NO;
				GCC_NO_COMMON_BLOCKS = YES;
				GCC_OPTIMIZATION_LEVEL = 0;
				GCC_PREPROCESSOR_DEFINITIONS = (
					"DEBUG=1",
					"$(inherited)",
				);
				GCC_WARN_64_TO_32_BIT_CONVERSION = YES;
				GCC_WARN_ABOUT_RETURN_TYPE = YES_ERROR;
				GCC_WARN_UNDECLARED_SELECTOR = YES;
				GCC_WARN_UNINITIALIZED_AUTOS = YES_AGGRESSIVE;
				GCC_WARN_UNUSED_FUNCTION = YES;
				GCC_WARN_UNUSED_VARIABLE = YES;
				IPHONEOS_DEPLOYMENT_TARGET = 13.2;
				MTL_ENABLE_DEBUG_INFO = INCLUDE_SOURCE;
				MTL_FAST_MATH = YES;
				ONLY_ACTIVE_ARCH = YES;
				SDKROOT = iphoneos;
				SWIFT_ACTIVE_COMPILATION_CONDITIONS = DEBUG;
				SWIFT_OPTIMIZATION_LEVEL = "-Onone";
			};
			name = Debug;
		};
		1E01E1C52371ED6E0059779E /* Release */ = {
			isa = XCBuildConfiguration;
			buildSettings = {
				ALWAYS_SEARCH_USER_PATHS = NO;
				CLANG_ANALYZER_NONNULL = YES;
				CLANG_ANALYZER_NUMBER_OBJECT_CONVERSION = YES_AGGRESSIVE;
				CLANG_CXX_LANGUAGE_STANDARD = "gnu++14";
				CLANG_CXX_LIBRARY = "libc++";
				CLANG_ENABLE_MODULES = YES;
				CLANG_ENABLE_OBJC_ARC = YES;
				CLANG_ENABLE_OBJC_WEAK = YES;
				CLANG_WARN_BLOCK_CAPTURE_AUTORELEASING = YES;
				CLANG_WARN_BOOL_CONVERSION = YES;
				CLANG_WARN_COMMA = YES;
				CLANG_WARN_CONSTANT_CONVERSION = YES;
				CLANG_WARN_DEPRECATED_OBJC_IMPLEMENTATIONS = YES;
				CLANG_WARN_DIRECT_OBJC_ISA_USAGE = YES_ERROR;
				CLANG_WARN_DOCUMENTATION_COMMENTS = YES;
				CLANG_WARN_EMPTY_BODY = YES;
				CLANG_WARN_ENUM_CONVERSION = YES;
				CLANG_WARN_INFINITE_RECURSION = YES;
				CLANG_WARN_INT_CONVERSION = YES;
				CLANG_WARN_NON_LITERAL_NULL_CONVERSION = YES;
				CLANG_WARN_OBJC_IMPLICIT_RETAIN_SELF = YES;
				CLANG_WARN_OBJC_LITERAL_CONVERSION = YES;
				CLANG_WARN_OBJC_ROOT_CLASS = YES_ERROR;
				CLANG_WARN_RANGE_LOOP_ANALYSIS = YES;
				CLANG_WARN_STRICT_PROTOTYPES = YES;
				CLANG_WARN_SUSPICIOUS_MOVE = YES;
				CLANG_WARN_UNGUARDED_AVAILABILITY = YES_AGGRESSIVE;
				CLANG_WARN_UNREACHABLE_CODE = YES;
				CLANG_WARN__DUPLICATE_METHOD_MATCH = YES;
				COPY_PHASE_STRIP = NO;
				DEBUG_INFORMATION_FORMAT = "dwarf-with-dsym";
				ENABLE_NS_ASSERTIONS = NO;
				ENABLE_STRICT_OBJC_MSGSEND = YES;
				GCC_C_LANGUAGE_STANDARD = gnu11;
				GCC_NO_COMMON_BLOCKS = YES;
				GCC_WARN_64_TO_32_BIT_CONVERSION = YES;
				GCC_WARN_ABOUT_RETURN_TYPE = YES_ERROR;
				GCC_WARN_UNDECLARED_SELECTOR = YES;
				GCC_WARN_UNINITIALIZED_AUTOS = YES_AGGRESSIVE;
				GCC_WARN_UNUSED_FUNCTION = YES;
				GCC_WARN_UNUSED_VARIABLE = YES;
				IPHONEOS_DEPLOYMENT_TARGET = 13.2;
				MTL_ENABLE_DEBUG_INFO = NO;
				MTL_FAST_MATH = YES;
				SDKROOT = iphoneos;
				SWIFT_COMPILATION_MODE = wholemodule;
				SWIFT_OPTIMIZATION_LEVEL = "-O";
				VALIDATE_PRODUCT = YES;
			};
			name = Release;
		};
		1E01E1C72371ED6E0059779E /* Debug */ = {
			isa = XCBuildConfiguration;
			buildSettings = {
				ASSETCATALOG_COMPILER_APPICON_NAME = AppIcon;
				CODE_SIGN_STYLE = Automatic;
				DEVELOPMENT_TEAM = PTA5495GD6;
				INFOPLIST_FILE = "On The Map/Info.plist";
				LD_RUNPATH_SEARCH_PATHS = (
					"$(inherited)",
					"@executable_path/Frameworks",
				);
				PRODUCT_BUNDLE_IDENTIFIER = "com.michaelhaviv.On-The-Map";
				PRODUCT_NAME = "$(TARGET_NAME)";
				SWIFT_VERSION = 5.0;
				TARGETED_DEVICE_FAMILY = "1,2";
			};
			name = Debug;
		};
		1E01E1C82371ED6E0059779E /* Release */ = {
			isa = XCBuildConfiguration;
			buildSettings = {
				ASSETCATALOG_COMPILER_APPICON_NAME = AppIcon;
				CODE_SIGN_STYLE = Automatic;
				DEVELOPMENT_TEAM = PTA5495GD6;
				INFOPLIST_FILE = "On The Map/Info.plist";
				LD_RUNPATH_SEARCH_PATHS = (
					"$(inherited)",
					"@executable_path/Frameworks",
				);
				PRODUCT_BUNDLE_IDENTIFIER = "com.michaelhaviv.On-The-Map";
				PRODUCT_NAME = "$(TARGET_NAME)";
				SWIFT_VERSION = 5.0;
				TARGETED_DEVICE_FAMILY = "1,2";
			};
			name = Release;
		};
		1E01E1CA2371ED6E0059779E /* Debug */ = {
			isa = XCBuildConfiguration;
			buildSettings = {
				ALWAYS_EMBED_SWIFT_STANDARD_LIBRARIES = YES;
				BUNDLE_LOADER = "$(TEST_HOST)";
				CODE_SIGN_STYLE = Automatic;
				DEVELOPMENT_TEAM = PTA5495GD6;
				INFOPLIST_FILE = "On The MapTests/Info.plist";
				IPHONEOS_DEPLOYMENT_TARGET = 13.2;
				LD_RUNPATH_SEARCH_PATHS = (
					"$(inherited)",
					"@executable_path/Frameworks",
					"@loader_path/Frameworks",
				);
				PRODUCT_BUNDLE_IDENTIFIER = "com.michaelhaviv.On-The-MapTests";
				PRODUCT_NAME = "$(TARGET_NAME)";
				SWIFT_VERSION = 5.0;
				TARGETED_DEVICE_FAMILY = "1,2";
				TEST_HOST = "$(BUILT_PRODUCTS_DIR)/On The Map.app/On The Map";
			};
			name = Debug;
		};
		1E01E1CB2371ED6E0059779E /* Release */ = {
			isa = XCBuildConfiguration;
			buildSettings = {
				ALWAYS_EMBED_SWIFT_STANDARD_LIBRARIES = YES;
				BUNDLE_LOADER = "$(TEST_HOST)";
				CODE_SIGN_STYLE = Automatic;
				DEVELOPMENT_TEAM = PTA5495GD6;
				INFOPLIST_FILE = "On The MapTests/Info.plist";
				IPHONEOS_DEPLOYMENT_TARGET = 13.2;
				LD_RUNPATH_SEARCH_PATHS = (
					"$(inherited)",
					"@executable_path/Frameworks",
					"@loader_path/Frameworks",
				);
				PRODUCT_BUNDLE_IDENTIFIER = "com.michaelhaviv.On-The-MapTests";
				PRODUCT_NAME = "$(TARGET_NAME)";
				SWIFT_VERSION = 5.0;
				TARGETED_DEVICE_FAMILY = "1,2";
				TEST_HOST = "$(BUILT_PRODUCTS_DIR)/On The Map.app/On The Map";
			};
			name = Release;
		};
		1E01E1CD2371ED6E0059779E /* Debug */ = {
			isa = XCBuildConfiguration;
			buildSettings = {
				ALWAYS_EMBED_SWIFT_STANDARD_LIBRARIES = YES;
				CODE_SIGN_STYLE = Automatic;
				DEVELOPMENT_TEAM = PTA5495GD6;
				INFOPLIST_FILE = "On The MapUITests/Info.plist";
				LD_RUNPATH_SEARCH_PATHS = (
					"$(inherited)",
					"@executable_path/Frameworks",
					"@loader_path/Frameworks",
				);
				PRODUCT_BUNDLE_IDENTIFIER = "com.michaelhaviv.On-The-MapUITests";
				PRODUCT_NAME = "$(TARGET_NAME)";
				SWIFT_VERSION = 5.0;
				TARGETED_DEVICE_FAMILY = "1,2";
				TEST_TARGET_NAME = "On The Map";
			};
			name = Debug;
		};
		1E01E1CE2371ED6E0059779E /* Release */ = {
			isa = XCBuildConfiguration;
			buildSettings = {
				ALWAYS_EMBED_SWIFT_STANDARD_LIBRARIES = YES;
				CODE_SIGN_STYLE = Automatic;
				DEVELOPMENT_TEAM = PTA5495GD6;
				INFOPLIST_FILE = "On The MapUITests/Info.plist";
				LD_RUNPATH_SEARCH_PATHS = (
					"$(inherited)",
					"@executable_path/Frameworks",
					"@loader_path/Frameworks",
				);
				PRODUCT_BUNDLE_IDENTIFIER = "com.michaelhaviv.On-The-MapUITests";
				PRODUCT_NAME = "$(TARGET_NAME)";
				SWIFT_VERSION = 5.0;
				TARGETED_DEVICE_FAMILY = "1,2";
				TEST_TARGET_NAME = "On The Map";
			};
			name = Release;
		};
/* End XCBuildConfiguration section */

/* Begin XCConfigurationList section */
		1E01E1972371ED630059779E /* Build configuration list for PBXProject "On The Map" */ = {
			isa = XCConfigurationList;
			buildConfigurations = (
				1E01E1C42371ED6E0059779E /* Debug */,
				1E01E1C52371ED6E0059779E /* Release */,
			);
			defaultConfigurationIsVisible = 0;
			defaultConfigurationName = Release;
		};
		1E01E1C62371ED6E0059779E /* Build configuration list for PBXNativeTarget "On The Map" */ = {
			isa = XCConfigurationList;
			buildConfigurations = (
				1E01E1C72371ED6E0059779E /* Debug */,
				1E01E1C82371ED6E0059779E /* Release */,
			);
			defaultConfigurationIsVisible = 0;
			defaultConfigurationName = Release;
		};
		1E01E1C92371ED6E0059779E /* Build configuration list for PBXNativeTarget "On The MapTests" */ = {
			isa = XCConfigurationList;
			buildConfigurations = (
				1E01E1CA2371ED6E0059779E /* Debug */,
				1E01E1CB2371ED6E0059779E /* Release */,
			);
			defaultConfigurationIsVisible = 0;
			defaultConfigurationName = Release;
		};
		1E01E1CC2371ED6E0059779E /* Build configuration list for PBXNativeTarget "On The MapUITests" */ = {
			isa = XCConfigurationList;
			buildConfigurations = (
				1E01E1CD2371ED6E0059779E /* Debug */,
				1E01E1CE2371ED6E0059779E /* Release */,
			);
			defaultConfigurationIsVisible = 0;
			defaultConfigurationName = Release;
		};
/* End XCConfigurationList section */
	};
	rootObject = 1E01E1942371ED630059779E /* Project object */;
}
